{
  "name": "pcm-web",
  "version": "1.0.0",
  "lockfileVersion": 1,
  "requires": true,
  "dependencies": {
    "arcgis-to-geojson-utils": {
      "version": "https://registry.npmjs.org/arcgis-to-geojson-utils/-/arcgis-to-geojson-utils-1.0.1.tgz",
      "integrity": "sha1-4CyU00MEw7O3t4rhi+tZKIthVa0="
    },
    "async": {
      "version": "1.5.2",
      "resolved": "https://registry.npmjs.org/async/-/async-1.5.2.tgz",
      "integrity": "sha1-7GphrlZIDAw8skHJVhjiCJL5Zyo=",
      "dev": true
    },
    "bootstrap": {
      "version": "https://registry.npmjs.org/bootstrap/-/bootstrap-3.3.7.tgz",
      "integrity": "sha1-WjiTlFSfIzMIdaOxUGVldPip63E="
    },
    "chart": {
      "version": "https://registry.npmjs.org/chart/-/chart-0.1.2.tgz",
      "integrity": "sha1-adnpFsJqi+2Fsp34Asdjq1KX0xg=",
      "requires": {
        "hashish": "https://registry.npmjs.org/hashish/-/hashish-0.0.4.tgz",
        "hat": "https://registry.npmjs.org/hat/-/hat-0.0.3.tgz",
        "mrcolor": "https://github.com/rook2pawn/mrcolor/archive/master.tar.gz"
      }
    },
    "color-convert": {
      "version": "https://registry.npmjs.org/color-convert/-/color-convert-0.2.1.tgz",
      "integrity": "sha1-NjyrI8lLMaDWTbcQSLjGqUD4xow="
    },
    "colorbrewer": {
      "version": "https://registry.npmjs.org/colorbrewer/-/colorbrewer-1.0.0.tgz",
      "integrity": "sha1-T5czO5abp2Ejgr5LwzlLNB+0yKI="
    },
    "colors": {
      "version": "1.0.3",
      "resolved": "https://registry.npmjs.org/colors/-/colors-1.0.3.tgz",
      "integrity": "sha1-BDP0TYCWgP3rYO0mDxsMJi6CpAs=",
      "dev": true
    },
    "commander": {
      "version": "https://registry.npmjs.org/commander/-/commander-2.9.0.tgz",
      "integrity": "sha1-nJkJQXbhIkDLItbFFGCYQA/g99Q=",
      "requires": {
        "graceful-readlink": "https://registry.npmjs.org/graceful-readlink/-/graceful-readlink-1.0.1.tgz"
      }
    },
    "corser": {
      "version": "2.0.1",
      "resolved": "https://registry.npmjs.org/corser/-/corser-2.0.1.tgz",
      "integrity": "sha1-jtolLsqrWEDc2XXOuQ2TcMgZ/4c=",
      "dev": true
    },
    "crossfilter": {
      "version": "https://registry.npmjs.org/crossfilter/-/crossfilter-1.3.12.tgz",
      "integrity": "sha1-FH1yNqmMRcafeL3DqZ1vsA9wkww="
    },
    "crossfilter2": {
      "version": "https://registry.npmjs.org/crossfilter2/-/crossfilter2-1.3.14.tgz",
      "integrity": "sha1-xFvY0zX2yRrMusJu2iAzd/GV9oA="
    },
    "d3": {
      "version": "https://registry.npmjs.org/d3/-/d3-3.5.17.tgz",
      "integrity": "sha1-vEZ0gAQ3iyGjYMn8fPUjF5B2L7g="
    },
    "d3-array": {
      "version": "https://registry.npmjs.org/d3-array/-/d3-array-1.1.1.tgz",
      "integrity": "sha1-oBq+Y6Jf+5HTQjw8bQUbTTa8igk="
    },
    "d3-geo": {
      "version": "https://registry.npmjs.org/d3-geo/-/d3-geo-1.6.3.tgz",
      "integrity": "sha1-IWg6Q6Bh6rohp/JUtR1ZN+tkB1Y=",
      "requires": {
        "d3-array": "https://registry.npmjs.org/d3-array/-/d3-array-1.1.1.tgz"
      }
    },
    "d3-geo-projection": {
      "version": "https://registry.npmjs.org/d3-geo-projection/-/d3-geo-projection-2.1.0.tgz",
      "integrity": "sha1-3668/g0XOkSQLJRV1l06sNSSz1E=",
      "requires": {
        "commander": "https://registry.npmjs.org/commander/-/commander-2.9.0.tgz",
        "d3-array": "https://registry.npmjs.org/d3-array/-/d3-array-1.1.1.tgz",
        "d3-geo": "https://registry.npmjs.org/d3-geo/-/d3-geo-1.6.3.tgz"
      }
    },
    "dc": {
      "version": "https://registry.npmjs.org/dc/-/dc-2.1.4.tgz",
      "integrity": "sha1-DM6t9mwA1nD3fUJQLFRAx7NYlYY=",
      "requires": {
        "crossfilter2": "https://registry.npmjs.org/crossfilter2/-/crossfilter2-1.3.14.tgz",
        "d3": "https://registry.npmjs.org/d3/-/d3-3.5.17.tgz"
      },
      "dependencies": {
        "d3": {
          "version": "https://registry.npmjs.org/d3/-/d3-3.5.17.tgz",
          "integrity": "sha1-vEZ0gAQ3iyGjYMn8fPUjF5B2L7g="
        }
      }
    },
    "debug": {
      "version": "2.6.9",
      "resolved": "https://registry.npmjs.org/debug/-/debug-2.6.9.tgz",
      "integrity": "sha512-bC7ElrdJaJnPbAP+1EotYvqZsb3ecl5wi6Bfi6BJTUcNowp6cvspg0jXznRTKDjm/E7AdgFBVeAPVMNcKGsHMA==",
      "dev": true,
      "requires": {
        "ms": "2.0.0"
      }
    },
    "ecstatic": {
      "version": "2.2.1",
      "resolved": "https://registry.npmjs.org/ecstatic/-/ecstatic-2.2.1.tgz",
      "integrity": "sha512-ztE4WqheoWLh3wv+HQwy7dACnvNY620coWpa+XqY6R2cVWgaAT2lUISU1Uf7JpdLLJCURktJOaA9av2AOzsyYQ==",
      "dev": true,
      "requires": {
        "he": "1.1.1",
        "mime": "1.4.1",
        "minimist": "1.2.0",
        "url-join": "2.0.2"
      }
    },
    "ejs": {
      "version": "https://registry.npmjs.org/ejs/-/ejs-2.5.6.tgz",
      "integrity": "sha1-R5Y2v6P+Ox3r1SCH8KyyBLTxnIg="
    },
    "esri-leaflet": {
      "version": "https://registry.npmjs.org/esri-leaflet/-/esri-leaflet-2.0.8.tgz",
      "integrity": "sha1-yQa1jyi9f4jQ6fZG1hvA0ianlRc=",
      "requires": {
        "arcgis-to-geojson-utils": "https://registry.npmjs.org/arcgis-to-geojson-utils/-/arcgis-to-geojson-utils-1.0.1.tgz",
        "leaflet": "https://registry.npmjs.org/leaflet/-/leaflet-1.0.3.tgz",
        "leaflet-virtual-grid": "https://registry.npmjs.org/leaflet-virtual-grid/-/leaflet-virtual-grid-1.0.4.tgz",
        "tiny-binary-search": "https://registry.npmjs.org/tiny-binary-search/-/tiny-binary-search-1.0.2.tgz"
      }
    },
    "eventemitter3": {
      "version": "1.2.0",
      "resolved": "https://registry.npmjs.org/eventemitter3/-/eventemitter3-1.2.0.tgz",
      "integrity": "sha1-HIaZHYFq0eUEdQ5zh0Ik7PO+xQg=",
      "dev": true
    },
    "font-awesome": {
      "version": "https://registry.npmjs.org/font-awesome/-/font-awesome-4.7.0.tgz",
      "integrity": "sha1-j6jPBBGhoxr9B7BtKQK7n8gVoTM="
    },
    "graceful-readlink": {
      "version": "https://registry.npmjs.org/graceful-readlink/-/graceful-readlink-1.0.1.tgz",
      "integrity": "sha1-TK+tdrxi8C+gObL5Tpo906ORpyU="
    },
    "hashish": {
      "version": "https://registry.npmjs.org/hashish/-/hashish-0.0.4.tgz",
      "integrity": "sha1-bWC8b/r3Ebav1g5CbQd5iAFOZVQ=",
      "requires": {
        "traverse": "https://registry.npmjs.org/traverse/-/traverse-0.6.6.tgz"
      }
    },
    "hat": {
      "version": "https://registry.npmjs.org/hat/-/hat-0.0.3.tgz",
      "integrity": "sha1-uwFKnmSzeIrtgAWRdBPU/z1QLYo="
    },
    "he": {
      "version": "1.1.1",
      "resolved": "https://registry.npmjs.org/he/-/he-1.1.1.tgz",
      "integrity": "sha1-k0EP0hsAlzUVH4howvJx80J+I/0=",
      "dev": true
    },
    "http-proxy": {
      "version": "1.16.2",
      "resolved": "https://registry.npmjs.org/http-proxy/-/http-proxy-1.16.2.tgz",
      "integrity": "sha1-Bt/ykpUr9k2+hHH6nfcwZtTzd0I=",
      "dev": true,
      "requires": {
        "eventemitter3": "1.2.0",
        "requires-port": "1.0.0"
      }
    },
    "http-server": {
      "version": "0.10.0",
      "resolved": "https://registry.npmjs.org/http-server/-/http-server-0.10.0.tgz",
      "integrity": "sha1-sqRGsWqduH7TxiK6m+sbCFsSNKc=",
      "dev": true,
      "requires": {
        "colors": "1.0.3",
        "corser": "2.0.1",
        "ecstatic": "2.2.1",
        "http-proxy": "1.16.2",
        "opener": "1.4.3",
        "optimist": "0.6.1",
        "portfinder": "1.0.13",
        "union": "0.4.6"
      }
    },
    "jquery": {
      "version": "https://registry.npmjs.org/jquery/-/jquery-3.2.1.tgz",
      "integrity": "sha1-XE2d5lKvbNCncBVKYxu6ErAVx4c="
    },
    "jquery-ui": {
      "version": "https://registry.npmjs.org/jquery-ui/-/jquery-ui-1.12.1.tgz",
      "integrity": "sha1-vLQEXI3QU5wTS8FIjN0+dop6nlE="
    },
    "leaflet": {
      "version": "https://registry.npmjs.org/leaflet/-/leaflet-1.0.3.tgz",
      "integrity": "sha1-H0AbmLRcgZITTGyNaWhiU4BQB8g="
    },
    "leaflet-clonelayer": {
      "version": "https://registry.npmjs.org/leaflet-clonelayer/-/leaflet-clonelayer-1.0.4.tgz",
      "integrity": "sha1-QdKtZEBk7KbDh4XvjAM8dc5aHgA="
    },
    "leaflet-groupedlayercontrol": {
      "version": "https://registry.npmjs.org/leaflet-groupedlayercontrol/-/leaflet-groupedlayercontrol-0.6.0.tgz",
      "integrity": "sha1-JJ6EpTqxBJ/WtQS/ejqscjSMVlY=",
      "requires": {
        "leaflet": "https://registry.npmjs.org/leaflet/-/leaflet-1.0.3.tgz"
      }
    },
    "leaflet-legend": {
      "version": "https://registry.npmjs.org/leaflet-legend/-/leaflet-legend-1.0.2.tgz",
      "integrity": "sha1-8gBBPW0IOTvXZbbRj3Uv0fH0VUg=",
      "requires": {
        "leaflet": "https://registry.npmjs.org/leaflet/-/leaflet-0.7.7.tgz"
      },
      "dependencies": {
        "leaflet": {
          "version": "https://registry.npmjs.org/leaflet/-/leaflet-0.7.7.tgz",
          "integrity": "sha1-HjUrpU5j0HZFH6NjyQCJDLLPde4="
        }
      }
    },
    "leaflet-minimap": {
      "version": "https://registry.npmjs.org/leaflet-minimap/-/leaflet-minimap-3.4.0.tgz",
      "integrity": "sha1-AL5NBHqduTQb+UhnUoOJMy3Hx5A="
    },
    "leaflet-providers": {
      "version": "https://registry.npmjs.org/leaflet-providers/-/leaflet-providers-1.1.16.tgz",
      "integrity": "sha1-8BqNjg3L8WnQfE8WaigKHhTyBug="
    },
    "leaflet-virtual-grid": {
      "version": "https://registry.npmjs.org/leaflet-virtual-grid/-/leaflet-virtual-grid-1.0.4.tgz",
      "integrity": "sha1-ZgAoVNlOgaMHx5CiKBe+vJT5kMM=",
      "requires": {
        "leaflet": "https://registry.npmjs.org/leaflet/-/leaflet-1.0.3.tgz"
      }
    },
    "leaflet.ajax": {
      "version": "https://registry.npmjs.org/leaflet.ajax/-/leaflet.ajax-1.1.0.tgz",
      "integrity": "sha1-rocerkSCEEWubOn64y8F04wiAdw="
    },
    "leaflet.markercluster": {
      "version": "https://registry.npmjs.org/leaflet.markercluster/-/leaflet.markercluster-1.0.4.tgz",
      "integrity": "sha1-0/hf50EnI+LaonY03F7ZxFFSdXw="
    },
    "mime": {
      "version": "1.4.1",
      "resolved": "https://registry.npmjs.org/mime/-/mime-1.4.1.tgz",
      "integrity": "sha512-KI1+qOZu5DcW6wayYHSzR/tXKCDC5Om4s1z2QJjDULzLcmf3DvzS7oluY4HCTrc+9FiKmWUgeNLg7W3uIQvxtQ==",
      "dev": true
    },
    "minimist": {
      "version": "1.2.0",
      "resolved": "https://registry.npmjs.org/minimist/-/minimist-1.2.0.tgz",
      "integrity": "sha1-o1AIsg9BOD7sH7kU9M1d95omQoQ=",
      "dev": true
    },
    "mkdirp": {
      "version": "0.5.1",
      "resolved": "https://registry.npmjs.org/mkdirp/-/mkdirp-0.5.1.tgz",
      "integrity": "sha1-MAV0OOrGz3+MR2fzhkjWaX11yQM=",
      "dev": true,
      "requires": {
        "minimist": "0.0.8"
      },
      "dependencies": {
        "minimist": {
          "version": "0.0.8",
          "resolved": "https://registry.npmjs.org/minimist/-/minimist-0.0.8.tgz",
          "integrity": "sha1-hX/Kv8M5fSYluCKCYuhqp6ARsF0=",
          "dev": true
        }
      }
    },
    "mrcolor": {
      "version": "https://github.com/rook2pawn/mrcolor/archive/master.tar.gz",
      "integrity": "sha1-bTiFkFglJM/HndkgxyyWlqjLmGI=",
      "requires": {
        "color-convert": "https://registry.npmjs.org/color-convert/-/color-convert-0.2.1.tgz"
      }
    },
    "ms": {
      "version": "2.0.0",
      "resolved": "https://registry.npmjs.org/ms/-/ms-2.0.0.tgz",
      "integrity": "sha1-VgiurfwAvmwpAd9fmGF4jeDVl8g=",
      "dev": true
    },
    "opener": {
      "version": "1.4.3",
      "resolved": "https://registry.npmjs.org/opener/-/opener-1.4.3.tgz",
      "integrity": "sha1-XG2ixdflgx6P+jlklQ+NZnSskLg=",
      "dev": true
    },
    "optimist": {
      "version": "0.6.1",
      "resolved": "https://registry.npmjs.org/optimist/-/optimist-0.6.1.tgz",
      "integrity": "sha1-2j6nRob6IaGaERwybpDrFaAZZoY=",
      "dev": true,
      "requires": {
        "minimist": "0.0.10",
        "wordwrap": "0.0.3"
      },
      "dependencies": {
        "minimist": {
          "version": "0.0.10",
          "resolved": "https://registry.npmjs.org/minimist/-/minimist-0.0.10.tgz",
          "integrity": "sha1-3j+YVD2/lggr5IrRoMfNqDYwHc8=",
          "dev": true
        }
      }
    },
    "portfinder": {
      "version": "1.0.13",
      "resolved": "https://registry.npmjs.org/portfinder/-/portfinder-1.0.13.tgz",
      "integrity": "sha1-uzLs2HwnEErm7kS1o8y/Drsa7ek=",
      "dev": true,
      "requires": {
        "async": "1.5.2",
        "debug": "2.6.9",
        "mkdirp": "0.5.1"
      }
    },
    "qs": {
      "version": "2.3.3",
      "resolved": "https://registry.npmjs.org/qs/-/qs-2.3.3.tgz",
      "integrity": "sha1-6eha2+ddoLvkyOBHaghikPhjtAQ=",
      "dev": true
    },
    "requirejs": {
      "version": "https://registry.npmjs.org/requirejs/-/requirejs-2.3.3.tgz",
      "integrity": "sha1-qln9OgKH6vQHlZoTgigES13WpqM="
    },
    "requires-port": {
      "version": "1.0.0",
      "resolved": "https://registry.npmjs.org/requires-port/-/requires-port-1.0.0.tgz",
      "integrity": "sha1-kl0mAdOaxIXgkc8NpcbmlNw9yv8=",
      "dev": true
    },
    "tiny-binary-search": {
      "version": "https://registry.npmjs.org/tiny-binary-search/-/tiny-binary-search-1.0.2.tgz",
      "integrity": "sha1-1MXMzlq6C0yu4hkJGT5LlLq1j0U="
    },
    "traverse": {
      "version": "https://registry.npmjs.org/traverse/-/traverse-0.6.6.tgz",
      "integrity": "sha1-y99WD9e5r2MlAv7UD5GMFX6pcTc="
    },
    "union": {
      "version": "0.4.6",
      "resolved": "https://registry.npmjs.org/union/-/union-0.4.6.tgz",
      "integrity": "sha1-GY+9rrolTniLDvy2MLwR8kopWeA=",
      "dev": true,
      "requires": {
        "qs": "2.3.3"
      }
    },
    "url-join": {
      "version": "2.0.2",
      "resolved": "https://registry.npmjs.org/url-join/-/url-join-2.0.2.tgz",
      "integrity": "sha1-wHJ1aWetJLi1nldBVRyqx49QuLc=",
      "dev": true
    },
    "wordwrap": {
      "version": "0.0.3",
      "resolved": "https://registry.npmjs.org/wordwrap/-/wordwrap-0.0.3.tgz",
      "integrity": "sha1-o9XabNXAvAAI03I0u68b7WMFkQc=",
      "dev": true
    }
  }
}
